
Microsoft Visual Studio Solution File, Format Version 12.00
# Visual Studio Version 17
VisualStudioVersion = 17.13.35919.96 d17.13
MinimumVisualStudioVersion = 10.0.40219.1
Project("{FAE04EC0-301F-11D3-BF4B-00C04F79EFBC}") = "To Do App", "To Do App\To Do App.csproj", "{2A9BD8E0-D647-46AE-8008-C132A06C094E}"
EndProject
Global
	GlobalSection(SolutionConfigurationPlatforms) = preSolution
		Debug|Any CPU = Debug|Any CPU
		Release|Any CPU = Release|Any CPU
	EndGlobalSection
	GlobalSection(ProjectConfigurationPlatforms) = postSolution
		{2A9BD8E0-D647-46AE-8008-C132A06C094E}.Debug|Any CPU.ActiveCfg = Debug|Any CPU
		{2A9BD8E0-D647-46AE-8008-C132A06C094E}.Debug|Any CPU.Build.0 = Debug|Any CPU
		{2A9BD8E0-D647-46AE-8008-C132A06C094E}.Release|Any CPU.ActiveCfg = Release|Any CPU
		{2A9BD8E0-D647-46AE-8008-C132A06C094E}.Release|Any CPU.Build.0 = Release|Any CPU
	EndGlobalSection
	GlobalSection(SolutionProperties) = preSolution
		HideSolutionNode = FALSE
	EndGlobalSection
	GlobalSection(ExtensibilityGlobals) = postSolution
		SolutionGuid = {76E38A95-505C-4F5E-A162-3F0FDE307969}
	EndGlobalSection
EndGlobal
